{
  "name": "com.nathanael.trading",
  "version": "1.0.0",
  "lockfileVersion": 3,
  "requires": true,
  "packages": {
    "": {
      "name": "com.nathanael.trading",
      "version": "1.0.0",
      "dependencies": {
        "acorn": "^8.18.0",
        "lightstreamer-client-node": "^9.2.2",
        "ws": "^8.22.0"
      }
    },
    "node_modules/acorn": {
      "version": "8.18.0",
      "resolved": "https://registry.npmjs.org/acorn/-/acorn-8.18.0.tgz",
      "integrity": "sha512-lGq+9yr1/GuAWaVYIHRjvvySG5/4VfKIvC8EWxStPdcDh/Ka7FG3twP6v4d5BkravUilhIAsG4Qj83t02LWUPQ==",
      "license": "MIT",
      "bin": {
        "acorn": "bin/acorn"
      },
      "engines": {
        "node": ">=0.4.0"
      }
    },
    "node_modules/cookiejar": {
      "version": "2.1.4",
      "resolved": "https://registry.npmjs.org/cookiejar/-/cookiejar-2.1.4.tgz",
      "integrity": "sha512-LDx6oHrK+PhzLKJU9j5S7/Y3jM/mUHvD/DeI1WQmJn652iPC5Y4TBzC9l+5OMOXlyTTA+SmVUPm0HQUwpD5Jqw==",
      "license": "MIT"
    },
    "node_modules/jsonpatch": {
      "version": "3.1.0",
      "resolved": "https://registry.npmjs.org/jsonpatch/-/jsonpatch-3.1.0.tgz",
      "integrity": "sha512-rJa0FepwDzebgYAuT389AtziWfn3EZA4N5e/B8d50IC1glqlZ7njo7iAI/ph5MYw2GGH7lCE6DGqBGQ7TVa06w==",
      "license": "MIT",
      "engines": {
        "node": ">=0.4.0"
      }
    },
    "node_modules/lightstreamer-client-node": {
      "version": "9.2.2",
      "resolved": "https://registry.npmjs.org/lightstreamer-client-node/-/lightstreamer-client-node-9.2.2.tgz",
      "integrity": "sha512-8SHmv61Op6+VCpUPR3dDb9+XKn16bEz9ThSi/wqY7mPGya1RYQ4MjLha7EeHizZD8+are47HQzBlJtkWiboBnA==",
      "license": "Apache-2.0",
      "dependencies": {
        "cookiejar": "^2.1.4",
        "jsonpatch": "^3.1.0",
        "ws": "^8.14.2",
        "xmlhttprequest": "git+https://github.com/driverdan/node-XMLHttpRequest.git"
      }
    },
    "node_modules/ws": {
      "version": "8.22.0",
      "resolved": "https://registry.npmjs.org/ws/-/ws-8.22.0.tgz",
      "integrity": "sha512-Ydggc987+RO0AnWtZ/7Wq9FtNvcrL1b/RO0ud9mWjUPgDrsAAwQSF51sm2hm1XofbU/4jkpGEsLFsZZxU+1DOg==",
      "license": "MIT",
      "engines": {
        "node": ">=10.0.0"
      },
      "peerDependencies": {
        "bufferutil": "^4.0.1",
        "utf-8-validate": ">=5.0.2"
      },
      "peerDependenciesMeta": {
        "bufferutil": {
          "optional": true
        },
        "utf-8-validate": {
          "optional": true
        }
      }
    },
    "node_modules/xmlhttprequest": {
      "version": "1.8.0",
      "resolved": "git+ssh://git@github.com/driverdan/node-XMLHttpRequest.git#97966e4ca1c9f2cc5574d8775cbdacebfec75455",
      "license": "MIT",
      "engines": {
        "node": ">=0.4.0"
      }
    }
  }
}
